// !$*UTF8*$!
{
	archiveVersion = 1;
	classes = {
	};
	objectVersion = 46;
	objects = {

/* Begin PBXBuildFile section */
		3664F83F1C2B42350069E3D5 /* san-francisco.jpg in Resources */ = {isa = PBXBuildFile; fileRef = 3664F83E1C2B42350069E3D5 /* san-francisco.jpg */; };
		3664F8411C2B44FE0069E3D5 /* profile.png in Resources */ = {isa = PBXBuildFile; fileRef = 3664F8401C2B44FE0069E3D5 /* profile.png */; };
		36CD256A1C2CE9D50023C94C /* AAPTransactionDirector.swift in Sources */ = {isa = PBXBuildFile; fileRef = 36CD25671C2CE9D50023C94C /* AAPTransactionDirector.swift */; };
		36CD256B1C2CE9D50023C94C /* UINavigationController+RadialTransaction.swift in Sources */ = {isa = PBXBuildFile; fileRef = 36CD25681C2CE9D50023C94C /* UINavigationController+RadialTransaction.swift */; };
		36CD256C1C2CE9D50023C94C /* UIView+Radial.swift in Sources */ = {isa = PBXBuildFile; fileRef = 36CD25691C2CE9D50023C94C /* UIView+Radial.swift */; };
		36EB8F9B1C2A45E500E4F3D0 /* AppDelegate.swift in Sources */ = {isa = PBXBuildFile; fileRef = 36EB8F9A1C2A45E500E4F3D0 /* AppDelegate.swift */; };
		36EB8F9D1C2A45E500E4F3D0 /* ViewController.swift in Sources */ = {isa = PBXBuildFile; fileRef = 36EB8F9C1C2A45E500E4F3D0 /* ViewController.swift */; };
		36EB8FA01C2A45E500E4F3D0 /* Main.storyboard in Resources */ = {isa = PBXBuildFile; fileRef = 36EB8F9E1C2A45E500E4F3D0 /* Main.storyboard */; };
		36EB8FA21C2A45E500E4F3D0 /* Assets.xcassets in Resources */ = {isa = PBXBuildFile; fileRef = 36EB8FA11C2A45E500E4F3D0 /* Assets.xcassets */; };
		36EB8FA51C2A45E500E4F3D0 /* LaunchScreen.storyboard in Resources */ = {isa = PBXBuildFile; fileRef = 36EB8FA31C2A45E500E4F3D0 /* LaunchScreen.storyboard */; };
		36EB8FB01C2A45E500E4F3D0 /* RestartTests.swift in Sources */ = {isa = PBXBuildFile; fileRef = 36EB8FAF1C2A45E500E4F3D0 /* RestartTests.swift */; };
		36EB8FBB1C2A45E500E4F3D0 /* RestartUITests.swift in Sources */ = {isa = PBXBuildFile; fileRef = 36EB8FBA1C2A45E500E4F3D0 /* RestartUITests.swift */; };
		36EB8FC91C2A486100E4F3D0 /* File.swift in Sources */ = {isa = PBXBuildFile; fileRef = 36EB8FC81C2A486100E4F3D0 /* File.swift */; };
/* End PBXBuildFile section */

/* Begin PBXContainerItemProxy section */
		36EB8FAC1C2A45E500E4F3D0 /* PBXContainerItemProxy */ = {
			isa = PBXContainerItemProxy;
			containerPortal = 36EB8F8F1C2A45E500E4F3D0 /* Project object */;
			proxyType = 1;
			remoteGlobalIDString = 36EB8F961C2A45E500E4F3D0;
			remoteInfo = Restart;
		};
		36EB8FB71C2A45E500E4F3D0 /* PBXContainerItemProxy */ = {
			isa = PBXContainerItemProxy;
			containerPortal = 36EB8F8F1C2A45E500E4F3D0 /* Project object */;
			proxyType = 1;
			remoteGlobalIDString = 36EB8F961C2A45E500E4F3D0;
			remoteInfo = Restart;
		};
/* End PBXContainerItemProxy section */

/* Begin PBXFileReference section */
		3664F83E1C2B42350069E3D5 /* san-francisco.jpg */ = {isa = PBXFileReference; lastKnownFileType = image.jpeg; name = "san-francisco.jpg"; path = "../../../../san-francisco.jpg"; sourceTree = "<group>"; };
		3664F8401C2B44FE0069E3D5 /* profile.png */ = {isa = PBXFileReference; lastKnownFileType = image.png; name = profile.png; path = ../../../../profile.png; sourceTree = "<group>"; };
		36CD25671C2CE9D50023C94C /* AAPTransactionDirector.swift */ = {isa = PBXFileReference; fileEncoding = 4; lastKnownFileType = sourcecode.swift; name = AAPTransactionDirector.swift; path = "../../../../../Downloads/RadialTransition_swift-master/RadialTransitionSource/AAPTransactionDirector.swift"; sourceTree = "<group>"; };
		36CD25681C2CE9D50023C94C /* UINavigationController+RadialTransaction.swift */ = {isa = PBXFileReference; fileEncoding = 4; lastKnownFileType = sourcecode.swift; name = "UINavigationController+RadialTransaction.swift"; path = "../../../../../Downloads/RadialTransition_swift-master/RadialTransitionSource/UINavigationController+RadialTransaction.swift"; sourceTree = "<group>"; };
		36CD25691C2CE9D50023C94C /* UIView+Radial.swift */ = {isa = PBXFileReference; fileEncoding = 4; lastKnownFileType = sourcecode.swift; name = "UIView+Radial.swift"; path = "../../../../../Downloads/RadialTransition_swift-master/RadialTransitionSource/UIView+Radial.swift"; sourceTree = "<group>"; };
		36EB8F971C2A45E500E4F3D0 /* Restart.app */ = {isa = PBXFileReference; explicitFileType = wrapper.application; includeInIndex = 0; path = Restart.app; sourceTree = BUILT_PRODUCTS_DIR; };
		36EB8F9A1C2A45E500E4F3D0 /* AppDelegate.swift */ = {isa = PBXFileReference; lastKnownFileType = sourcecode.swift; path = AppDelegate.swift; sourceTree = "<group>"; };
		36EB8F9C1C2A45E500E4F3D0 /* ViewController.swift */ = {isa = PBXFileReference; lastKnownFileType = sourcecode.swift; path = ViewController.swift; sourceTree = "<group>"; };
		36EB8F9F1C2A45E500E4F3D0 /* Base */ = {isa = PBXFileReference; lastKnownFileType = file.storyboard; name = Base; path = Base.lproj/Main.storyboard; sourceTree = "<group>"; };
		36EB8FA11C2A45E500E4F3D0 /* Assets.xcassets */ = {isa = PBXFileReference; lastKnownFileType = folder.assetcatalog; path = Assets.xcassets; sourceTree = "<group>"; };
		36EB8FA41C2A45E500E4F3D0 /* Base */ = {isa = PBXFileReference; lastKnownFileType = file.storyboard; name = Base; path = Base.lproj/LaunchScreen.storyboard; sourceTree = "<group>"; };
		36EB8FA61C2A45E500E4F3D0 /* Info.plist */ = {isa = PBXFileReference; lastKnownFileType = text.plist.xml; path = Info.plist; sourceTree = "<group>"; };
		36EB8FAB1C2A45E500E4F3D0 /* RestartTests.xctest */ = {isa = PBXFileReference; explicitFileType = wrapper.cfbundle; includeInIndex = 0; path = RestartTests.xctest; sourceTree = BUILT_PRODUCTS_DIR; };
		36EB8FAF1C2A45E500E4F3D0 /* RestartTests.swift */ = {isa = PBXFileReference; lastKnownFileType = sourcecode.swift; path = RestartTests.swift; sourceTree = "<group>"; };
		36EB8FB11C2A45E500E4F3D0 /* Info.plist */ = {isa = PBXFileReference; lastKnownFileType = text.plist.xml; path = Info.plist; sourceTree = "<group>"; };
		36EB8FB61C2A45E500E4F3D0 /* RestartUITests.xctest */ = {isa = PBXFileReference; explicitFileType = wrapper.cfbundle; includeInIndex = 0; path = RestartUITests.xctest; sourceTree = BUILT_PRODUCTS_DIR; };
		36EB8FBA1C2A45E500E4F3D0 /* RestartUITests.swift */ = {isa = PBXFileReference; lastKnownFileType = sourcecode.swift; path = RestartUITests.swift; sourceTree = "<group>"; };
		36EB8FBC1C2A45E500E4F3D0 /* Info.plist */ = {isa = PBXFileReference; lastKnownFileType = text.plist.xml; path = Info.plist; sourceTree = "<group>"; };
		36EB8FC81C2A486100E4F3D0 /* File.swift */ = {isa = PBXFileReference; fileEncoding = 4; lastKnownFileType = sourcecode.swift; path = File.swift; sourceTree = "<group>"; };
/* End PBXFileReference section */

/* Begin PBXFrameworksBuildPhase section */
		36EB8F941C2A45E500E4F3D0 /* Frameworks */ = {
			isa = PBXFrameworksBuildPhase;
			buildActionMask = 2147483647;
			files = (
			);
			runOnlyForDeploymentPostprocessing = 0;
		};
		36EB8FA81C2A45E500E4F3D0 /* Frameworks */ = {
			isa = PBXFrameworksBuildPhase;
			buildActionMask = 2147483647;
			files = (
			);
			runOnlyForDeploymentPostprocessing = 0;
		};
		36EB8FB31C2A45E500E4F3D0 /* Frameworks */ = {
			isa = PBXFrameworksBuildPhase;
			buildActionMask = 2147483647;
			files = (
			);
			runOnlyForDeploymentPostprocessing = 0;
		};
/* End PBXFrameworksBuildPhase section */

/* Begin PBXGroup section */
		36EB8F8E1C2A45E500E4F3D0 = {
			isa = PBXGroup;
			children = (
				36EB8F991C2A45E500E4F3D0 /* Restart */,
				36EB8FAE1C2A45E500E4F3D0 /* RestartTests */,
				36EB8FB91C2A45E500E4F3D0 /* RestartUITests */,
				36EB8F981C2A45E500E4F3D0 /* Products */,
			);
			sourceTree = "<group>";
		};
		36EB8F981C2A45E500E4F3D0 /* Products */ = {
			isa = PBXGroup;
			children = (
				36EB8F971C2A45E500E4F3D0 /* Restart.app */,
				36EB8FAB1C2A45E500E4F3D0 /* RestartTests.xctest */,
				36EB8FB61C2A45E500E4F3D0 /* RestartUITests.xctest */,
			);
			name = Products;
			sourceTree = "<group>";
		};
		36EB8F991C2A45E500E4F3D0 /* Restart */ = {
			isa = PBXGroup;
			children = (
				36CD25671C2CE9D50023C94C /* AAPTransactionDirector.swift */,
				36CD25681C2CE9D50023C94C /* UINavigationController+RadialTransaction.swift */,
				36CD25691C2CE9D50023C94C /* UIView+Radial.swift */,
				3664F8401C2B44FE0069E3D5 /* profile.png */,
				3664F83E1C2B42350069E3D5 /* san-francisco.jpg */,
				36EB8FC81C2A486100E4F3D0 /* File.swift */,
				36EB8F9A1C2A45E500E4F3D0 /* AppDelegate.swift */,
				36EB8F9C1C2A45E500E4F3D0 /* ViewController.swift */,
				36EB8F9E1C2A45E500E4F3D0 /* Main.storyboard */,
				36EB8FA11C2A45E500E4F3D0 /* Assets.xcassets */,
				36EB8FA31C2A45E500E4F3D0 /* LaunchScreen.storyboard */,
				36EB8FA61C2A45E500E4F3D0 /* Info.plist */,
			);
			path = Restart;
			sourceTree = "<group>";
		};
		36EB8FAE1C2A45E500E4F3D0 /* RestartTests */ = {
			isa = PBXGroup;
			children = (
				36EB8FAF1C2A45E500E4F3D0 /* RestartTests.swift */,
				36EB8FB11C2A45E500E4F3D0 /* Info.plist */,
			);
			path = RestartTests;
			sourceTree = "<group>";
		};
		36EB8FB91C2A45E500E4F3D0 /* RestartUITests */ = {
			isa = PBXGroup;
			children = (
				36EB8FBA1C2A45E500E4F3D0 /* RestartUITests.swift */,
				36EB8FBC1C2A45E500E4F3D0 /* Info.plist */,
			);
			path = RestartUITests;
			sourceTree = "<group>";
		};
/* End PBXGroup section */

/* Begin PBXNativeTarget section */
		36EB8F961C2A45E500E4F3D0 /* Restart */ = {
			isa = PBXNativeTarget;
			buildConfigurationList = 36EB8FBF1C2A45E500E4F3D0 /* Build configuration list for PBXNativeTarget "Restart" */;
			buildPhases = (
				36EB8F931C2A45E500E4F3D0 /* Sources */,
				36EB8F941C2A45E500E4F3D0 /* Frameworks */,
				36EB8F951C2A45E500E4F3D0 /* Resources */,
			);
			buildRules = (
			);
			dependencies = (
			);
			name = Restart;
			productName = Restart;
			productReference = 36EB8F971C2A45E500E4F3D0 /* Restart.app */;
			productType = "com.apple.product-type.application";
		};
		36EB8FAA1C2A45E500E4F3D0 /* RestartTests */ = {
			isa = PBXNativeTarget;
			buildConfigurationList = 36EB8FC21C2A45E500E4F3D0 /* Build configuration list for PBXNativeTarget "RestartTests" */;
			buildPhases = (
				36EB8FA71C2A45E500E4F3D0 /* Sources */,
				36EB8FA81C2A45E500E4F3D0 /* Frameworks */,
				36EB8FA91C2A45E500E4F3D0 /* Resources */,
			);
			buildRules = (
			);
			dependencies = (
				36EB8FAD1C2A45E500E4F3D0 /* PBXTargetDependency */,
			);
			name = RestartTests;
			productName = RestartTests;
			productReference = 36EB8FAB1C2A45E500E4F3D0 /* RestartTests.xctest */;
			productType = "com.apple.product-type.bundle.unit-test";
		};
		36EB8FB51C2A45E500E4F3D0 /* RestartUITests */ = {
			isa = PBXNativeTarget;
			buildConfigurationList = 36EB8FC51C2A45E500E4F3D0 /* Build configuration list for PBXNativeTarget "RestartUITests" */;
			buildPhases = (
				36EB8FB21C2A45E500E4F3D0 /* Sources */,
				36EB8FB31C2A45E500E4F3D0 /* Frameworks */,
				36EB8FB41C2A45E500E4F3D0 /* Resources */,
			);
			buildRules = (
			);
			dependencies = (
				36EB8FB81C2A45E500E4F3D0 /* PBXTargetDependency */,
			);
			name = RestartUITests;
			productName = RestartUITests;
			productReference = 36EB8FB61C2A45E500E4F3D0 /* RestartUITests.xctest */;
			productType = "com.apple.product-type.bundle.ui-testing";
		};
/* End PBXNativeTarget section */

/* Begin PBXProject section */
		36EB8F8F1C2A45E500E4F3D0 /* Project object */ = {
			isa = PBXProject;
			attributes = {
				LastSwiftUpdateCheck = 0720;
				LastUpgradeCheck = 0720;
				ORGANIZATIONNAME = Goale;
				TargetAttributes = {
					36EB8F961C2A45E500E4F3D0 = {
						CreatedOnToolsVersion = 7.2;
					};
					36EB8FAA1C2A45E500E4F3D0 = {
						CreatedOnToolsVersion = 7.2;
						TestTargetID = 36EB8F961C2A45E500E4F3D0;
					};
					36EB8FB51C2A45E500E4F3D0 = {
						CreatedOnToolsVersion = 7.2;
						TestTargetID = 36EB8F961C2A45E500E4F3D0;
					};
				};
			};
			buildConfigurationList = 36EB8F921C2A45E500E4F3D0 /* Build configuration list for PBXProject "Restart" */;
			compatibilityVersion = "Xcode 3.2";
			developmentRegion = English;
			hasScannedForEncodings = 0;
			knownRegions = (
				en,
				Base,
			);
			mainGroup = 36EB8F8E1C2A45E500E4F3D0;
			productRefGroup = 36EB8F981C2A45E500E4F3D0 /* Products */;
			projectDirPath = "";
			projectRoot = "";
			targets = (
				36EB8F961C2A45E500E4F3D0 /* Restart */,
				36EB8FAA1C2A45E500E4F3D0 /* RestartTests */,
				36EB8FB51C2A45E500E4F3D0 /* RestartUITests */,
			);
		};
/* End PBXProject section */

/* Begin PBXResourcesBuildPhase section */
		36EB8F951C2A45E500E4F3D0 /* Resources */ = {
			isa = PBXResourcesBuildPhase;
			buildActionMask = 2147483647;
			files = (
				36EB8FA51C2A45E500E4F3D0 /* LaunchScreen.storyboard in Resources */,
				36EB8FA21C2A45E500E4F3D0 /* Assets.xcassets in Resources */,
				36EB8FA01C2A45E500E4F3D0 /* Main.storyboard in Resources */,
				3664F8411C2B44FE0069E3D5 /* profile.png in Resources */,
				3664F83F1C2B42350069E3D5 /* san-francisco.jpg in Resources */,
			);
			runOnlyForDeploymentPostprocessing = 0;
		};
		36EB8FA91C2A45E500E4F3D0 /* Resources */ = {
			isa = PBXResourcesBuildPhase;
			buildActionMask = 2147483647;
			files = (
			);
			runOnlyForDeploymentPostprocessing = 0;
		};
		36EB8FB41C2A45E500E4F3D0 /* Resources */ = {
			isa = PBXResourcesBuildPhase;
			buildActionMask = 2147483647;
			files = (
			);
			runOnlyForDeploymentPostprocessing = 0;
		};
/* End PBXResourcesBuildPhase section */

/* Begin PBXSourcesBuildPhase section */
		36EB8F931C2A45E500E4F3D0 /* Sources */ = {
			isa = PBXSourcesBuildPhase;
			buildActionMask = 2147483647;
			files = (
				36EB8F9D1C2A45E500E4F3D0 /* ViewController.swift in Sources */,
				36EB8FC91C2A486100E4F3D0 /* File.swift in Sources */,
				36CD256B1C2CE9D50023C94C /* UINavigationController+RadialTransaction.swift in Sources */,
				36CD256C1C2CE9D50023C94C /* UIView+Radial.swift in Sources */,
				36EB8F9B1C2A45E500E4F3D0 /* AppDelegate.swift in Sources */,
				36CD256A1C2CE9D50023C94C /* AAPTransactionDirector.swift in Sources */,
			);
			runOnlyForDeploymentPostprocessing = 0;
		};
		36EB8FA71C2A45E500E4F3D0 /* Sources */ = {
			isa = PBXSourcesBuildPhase;
			buildActionMask = 2147483647;
			files = (
				36EB8FB01C2A45E500E4F3D0 /* RestartTests.swift in Sources */,
			);
			runOnlyForDeploymentPostprocessing = 0;
		};
		36EB8FB21C2A45E500E4F3D0 /* Sources */ = {
			isa = PBXSourcesBuildPhase;
			buildActionMask = 2147483647;
			files = (
				36EB8FBB1C2A45E500E4F3D0 /* RestartUITests.swift in Sources */,
			);
			runOnlyForDeploymentPostprocessing = 0;
		};
/* End PBXSourcesBuildPhase section */

/* Begin PBXTargetDependency section */
		36EB8FAD1C2A45E500E4F3D0 /* PBXTargetDependency */ = {
			isa = PBXTargetDependency;
			target = 36EB8F961C2A45E500E4F3D0 /* Restart */;
			targetProxy = 36EB8FAC1C2A45E500E4F3D0 /* PBXContainerItemProxy */;
		};
		36EB8FB81C2A45E500E4F3D0 /* PBXTargetDependency */ = {
			isa = PBXTargetDependency;
			target = 36EB8F961C2A45E500E4F3D0 /* Restart */;
			targetProxy = 36EB8FB71C2A45E500E4F3D0 /* PBXContainerItemProxy */;
		};
/* End PBXTargetDependency section */

/* Begin PBXVariantGroup section */
		36EB8F9E1C2A45E500E4F3D0 /* Main.storyboard */ = {
			isa = PBXVariantGroup;
			children = (
				36EB8F9F1C2A45E500E4F3D0 /* Base */,
			);
			name = Main.storyboard;
			sourceTree = "<group>";
		};
		36EB8FA31C2A45E500E4F3D0 /* LaunchScreen.storyboard */ = {
			isa = PBXVariantGroup;
			children = (
				36EB8FA41C2A45E500E4F3D0 /* Base */,
			);
			name = LaunchScreen.storyboard;
			sourceTree = "<group>";
		};
/* End PBXVariantGroup section */

/* Begin XCBuildConfiguration section */
		36EB8FBD1C2A45E500E4F3D0 /* Debug */ = {
			isa = XCBuildConfiguration;
			buildSettings = {
				ALWAYS_SEARCH_USER_PATHS = NO;
				CLANG_CXX_LANGUAGE_STANDARD = "gnu++0x";
				CLANG_CXX_LIBRARY = "libc++";
				CLANG_ENABLE_MODULES = YES;
				CLANG_ENABLE_OBJC_ARC = YES;
				CLANG_WARN_BOOL_CONVERSION = YES;
				CLANG_WARN_CONSTANT_CONVERSION = YES;
				CLANG_WARN_DIRECT_OBJC_ISA_USAGE = YES_ERROR;
				CLANG_WARN_EMPTY_BODY = YES;
				CLANG_WARN_ENUM_CONVERSION = YES;
				CLANG_WARN_INT_CONVERSION = YES;
				CLANG_WARN_OBJC_ROOT_CLASS = YES_ERROR;
				CLANG_WARN_UNREACHABLE_CODE = YES;
				CLANG_WARN__DUPLICATE_METHOD_MATCH = YES;
				"CODE_SIGN_IDENTITY[sdk=iphoneos*]" = "iPhone Developer";
				COPY_PHASE_STRIP = NO;
				DEBUG_INFORMATION_FORMAT = dwarf;
				ENABLE_STRICT_OBJC_MSGSEND = YES;
				ENABLE_TESTABILITY = YES;
				GCC_C_LANGUAGE_STANDARD = gnu99;
				GCC_DYNAMIC_NO_PIC = NO;
				GCC_NO_COMMON_BLOCKS = YES;
				GCC_OPTIMIZATION_LEVEL = 0;
				GCC_PREPROCESSOR_DEFINITIONS = (
					"DEBUG=1",
					"$(inherited)",
				);
				GCC_WARN_64_TO_32_BIT_CONVERSION = YES;
				GCC_WARN_ABOUT_RETURN_TYPE = YES_ERROR;
				GCC_WARN_UNDECLARED_SELECTOR = YES;
				GCC_WARN_UNINITIALIZED_AUTOS = YES_AGGRESSIVE;
				GCC_WARN_UNUSED_FUNCTION = YES;
				GCC_WARN_UNUSED_VARIABLE = YES;
				IPHONEOS_DEPLOYMENT_TARGET = 9.2;
				MTL_ENABLE_DEBUG_INFO = YES;
				ONLY_ACTIVE_ARCH = YES;
				SDKROOT = iphoneos;
				SWIFT_OPTIMIZATION_LEVEL = "-Onone";
			};
			name = Debug;
		};
		36EB8FBE1C2A45E500E4F3D0 /* Release */ = {
			isa = XCBuildConfiguration;
			buildSettings = {
				ALWAYS_SEARCH_USER_PATHS = NO;
				CLANG_CXX_LANGUAGE_STANDARD = "gnu++0x";
				CLANG_CXX_LIBRARY = "libc++";
				CLANG_ENABLE_MODULES = YES;
				CLANG_ENABLE_OBJC_ARC = YES;
				CLANG_WARN_BOOL_CONVERSION = YES;
				CLANG_WARN_CONSTANT_CONVERSION = YES;
				CLANG_WARN_DIRECT_OBJC_ISA_USAGE = YES_ERROR;
				CLANG_WARN_EMPTY_BODY = YES;
				CLANG_WARN_ENUM_CONVERSION = YES;
				CLANG_WARN_INT_CONVERSION = YES;
				CLANG_WARN_OBJC_ROOT_CLASS = YES_ERROR;
				CLANG_WARN_UNREACHABLE_CODE = YES;
				CLANG_WARN__DUPLICATE_METHOD_MATCH = YES;
				"CODE_SIGN_IDENTITY[sdk=iphoneos*]" = "iPhone Developer";
				COPY_PHASE_STRIP = NO;
				DEBUG_INFORMATION_FORMAT = "dwarf-with-dsym";
				ENABLE_NS_ASSERTIONS = NO;
				ENABLE_STRICT_OBJC_MSGSEND = YES;
				GCC_C_LANGUAGE_STANDARD = gnu99;
				GCC_NO_COMMON_BLOCKS = YES;
				GCC_WARN_64_TO_32_BIT_CONVERSION = YES;
				GCC_WARN_ABOUT_RETURN_TYPE = YES_ERROR;
				GCC_WARN_UNDECLARED_SELECTOR = YES;
				GCC_WARN_UNINITIALIZED_AUTOS = YES_AGGRESSIVE;
				GCC_WARN_UNUSED_FUNCTION = YES;
				GCC_WARN_UNUSED_VARIABLE = YES;
				IPHONEOS_DEPLOYMENT_TARGET = 9.2;
				MTL_ENABLE_DEBUG_INFO = NO;
				SDKROOT = iphoneos;
				VALIDATE_PRODUCT = YES;
			};
			name = Release;
		};
		36EB8FC01C2A45E500E4F3D0 /* Debug */ = {
			isa = XCBuildConfiguration;
			buildSettings = {
				ASSETCATALOG_COMPILER_APPICON_NAME = AppIcon;
				INFOPLIST_FILE = Restart/Info.plist;
				LD_RUNPATH_SEARCH_PATHS = "$(inherited) @executable_path/Frameworks";
				PRODUCT_BUNDLE_IDENTIFIER = goalr.herokuapp.com.Restart;
				PRODUCT_NAME = "$(TARGET_NAME)";
			};
			name = Debug;
		};
		36EB8FC11C2A45E500E4F3D0 /* Release */ = {
			isa = XCBuildConfiguration;
			buildSettings = {
				ASSETCATALOG_COMPILER_APPICON_NAME = AppIcon;
				INFOPLIST_FILE = Restart/Info.plist;
				LD_RUNPATH_SEARCH_PATHS = "$(inherited) @executable_path/Frameworks";
				PRODUCT_BUNDLE_IDENTIFIER = goalr.herokuapp.com.Restart;
				PRODUCT_NAME = "$(TARGET_NAME)";
			};
			name = Release;
		};
		36EB8FC31C2A45E500E4F3D0 /* Debug */ = {
			isa = XCBuildConfiguration;
			buildSettings = {
				BUNDLE_LOADER = "$(TEST_HOST)";
				INFOPLIST_FILE = RestartTests/Info.plist;
				LD_RUNPATH_SEARCH_PATHS = "$(inherited) @executable_path/Frameworks @loader_path/Frameworks";
				PRODUCT_BUNDLE_IDENTIFIER = goalr.herokuapp.com.RestartTests;
				PRODUCT_NAME = "$(TARGET_NAME)";
				TEST_HOST = "$(BUILT_PRODUCTS_DIR)/Restart.app/Restart";
			};
			name = Debug;
		};
		36EB8FC41C2A45E500E4F3D0 /* Release */ = {
			isa = XCBuildConfiguration;
			buildSettings = {
				BUNDLE_LOADER = "$(TEST_HOST)";
				INFOPLIST_FILE = RestartTests/Info.plist;
				LD_RUNPATH_SEARCH_PATHS = "$(inherited) @executable_path/Frameworks @loader_path/Frameworks";
				PRODUCT_BUNDLE_IDENTIFIER = goalr.herokuapp.com.RestartTests;
				PRODUCT_NAME = "$(TARGET_NAME)";
				TEST_HOST = "$(BUILT_PRODUCTS_DIR)/Restart.app/Restart";
			};
			name = Release;
		};
		36EB8FC61C2A45E500E4F3D0 /* Debug */ = {
			isa = XCBuildConfiguration;
			buildSettings = {
				INFOPLIST_FILE = RestartUITests/Info.plist;
				LD_RUNPATH_SEARCH_PATHS = "$(inherited) @executable_path/Frameworks @loader_path/Frameworks";
				PRODUCT_BUNDLE_IDENTIFIER = goalr.herokuapp.com.RestartUITests;
				PRODUCT_NAME = "$(TARGET_NAME)";
				TEST_TARGET_NAME = Restart;
				USES_XCTRUNNER = YES;
			};
			name = Debug;
		};
		36EB8FC71C2A45E500E4F3D0 /* Release */ = {
			isa = XCBuildConfiguration;
			buildSettings = {
				INFOPLIST_FILE = RestartUITests/Info.plist;
				LD_RUNPATH_SEARCH_PATHS = "$(inherited) @executable_path/Frameworks @loader_path/Frameworks";
				PRODUCT_BUNDLE_IDENTIFIER = goalr.herokuapp.com.RestartUITests;
				PRODUCT_NAME = "$(TARGET_NAME)";
				TEST_TARGET_NAME = Restart;
				USES_XCTRUNNER = YES;
			};
			name = Release;
		};
/* End XCBuildConfiguration section */

/* Begin XCConfigurationList section */
		36EB8F921C2A45E500E4F3D0 /* Build configuration list for PBXProject "Restart" */ = {
			isa = XCConfigurationList;
			buildConfigurations = (
				36EB8FBD1C2A45E500E4F3D0 /* Debug */,
				36EB8FBE1C2A45E500E4F3D0 /* Release */,
			);
			defaultConfigurationIsVisible = 0;
			defaultConfigurationName = Release;
		};
		36EB8FBF1C2A45E500E4F3D0 /* Build configuration list for PBXNativeTarget "Restart" */ = {
			isa = XCConfigurationList;
			buildConfigurations = (
				36EB8FC01C2A45E500E4F3D0 /* Debug */,
				36EB8FC11C2A45E500E4F3D0 /* Release */,
			);
			defaultConfigurationIsVisible = 0;
			defaultConfigurationName = Release;
		};
		36EB8FC21C2A45E500E4F3D0 /* Build configuration list for PBXNativeTarget "RestartTests" */ = {
			isa = XCConfigurationList;
			buildConfigurations = (
				36EB8FC31C2A45E500E4F3D0 /* Debug */,
				36EB8FC41C2A45E500E4F3D0 /* Release */,
			);
			defaultConfigurationIsVisible = 0;
			defaultConfigurationName = Release;
		};
		36EB8FC51C2A45E500E4F3D0 /* Build configuration list for PBXNativeTarget "RestartUITests" */ = {
			isa = XCConfigurationList;
			buildConfigurations = (
				36EB8FC61C2A45E500E4F3D0 /* Debug */,
				36EB8FC71C2A45E500E4F3D0 /* Release */,
			);
			defaultConfigurationIsVisible = 0;
			defaultConfigurationName = Release;
		};
/* End XCConfigurationList section */
	};
	rootObject = 36EB8F8F1C2A45E500E4F3D0 /* Project object */;
}
